// !$*UTF8*$!
{
	archiveVersion = 1;
	classes = {
	};
	objectVersion = 77;
	objects = {

/* Begin PBXContainerItemProxy section */
		24F0A81D2E3AAAD7009C37F4 /* PBXContainerItemProxy */ = {
			isa = PBXContainerItemProxy;
			containerPortal = 24F0A8042E3AAAD5009C37F4 /* Project object */;
			proxyType = 1;
			remoteGlobalIDString = 24F0A80B2E3AAAD5009C37F4;
			remoteInfo = "incident-overview";
		};
		24F0A8272E3AAAD7009C37F4 /* PBXContainerItemProxy */ = {
			isa = PBXContainerItemProxy;
			containerPortal = 24F0A8042E3AAAD5009C37F4 /* Project object */;
			proxyType = 1;
			remoteGlobalIDString = 24F0A80B2E3AAAD5009C37F4;
			remoteInfo = "incident-overview";
		};
/* End PBXContainerItemProxy section */

/* Begin PBXFileReference section */
		24F0A80C2E3AAAD5009C37F4 /* incident-overview.app */ = {isa = PBXFileReference; explicitFileType = wrapper.application; includeInIndex = 0; path = "incident-overview.app"; sourceTree = BUILT_PRODUCTS_DIR; };
		24F0A81C2E3AAAD7009C37F4 /* incident-overviewTests.xctest */ = {isa = PBXFileReference; explicitFileType = wrapper.cfbundle; includeInIndex = 0; path = "incident-overviewTests.xctest"; sourceTree = BUILT_PRODUCTS_DIR; };
		24F0A8262E3AAAD7009C37F4 /* incident-overviewUITests.xctest */ = {isa = PBXFileReference; explicitFileType = wrapper.cfbundle; includeInIndex = 0; path = "incident-overviewUITests.xctest"; sourceTree = BUILT_PRODUCTS_DIR; };
/* End PBXFileReference section */

/* Begin PBXFileSystemSynchronizedRootGroup section */
		24F0A80E2E3AAAD5009C37F4 /* incident-overview */ = {
			isa = PBXFileSystemSynchronizedRootGroup;
			path = "incident-overview";
			sourceTree = "<group>";
		};
		24F0A81F2E3AAAD7009C37F4 /* incident-overviewTests */ = {
			isa = PBXFileSystemSynchronizedRootGroup;
			path = "incident-overviewTests";
			sourceTree = "<group>";
		};
		24F0A8292E3AAAD7009C37F4 /* incident-overviewUITests */ = {
			isa = PBXFileSystemSynchronizedRootGroup;
			path = "incident-overviewUITests";
			sourceTree = "<group>";
		};
/* End PBXFileSystemSynchronizedRootGroup section */

/* Begin PBXFrameworksBuildPhase section */
		24F0A8092E3AAAD5009C37F4 /* Frameworks */ = {
			isa = PBXFrameworksBuildPhase;
			buildActionMask = 2147483647;
			files = (
			);
			runOnlyForDeploymentPostprocessing = 0;
		};
		24F0A8192E3AAAD7009C37F4 /* Frameworks */ = {
			isa = PBXFrameworksBuildPhase;
			buildActionMask = 2147483647;
			files = (
			);
			runOnlyForDeploymentPostprocessing = 0;
		};
		24F0A8232E3AAAD7009C37F4 /* Frameworks */ = {
			isa = PBXFrameworksBuildPhase;
			buildActionMask = 2147483647;
			files = (
			);
			runOnlyForDeploymentPostprocessing = 0;
		};
/* End PBXFrameworksBuildPhase section */

/* Begin PBXGroup section */
		24F0A8032E3AAAD5009C37F4 = {
			isa = PBXGroup;
			children = (
				24F0A80E2E3AAAD5009C37F4 /* incident-overview */,
				24F0A81F2E3AAAD7009C37F4 /* incident-overviewTests */,
				24F0A8292E3AAAD7009C37F4 /* incident-overviewUITests */,
				24F0A80D2E3AAAD5009C37F4 /* Products */,
			);
			sourceTree = "<group>";
		};
		24F0A80D2E3AAAD5009C37F4 /* Products */ = {
			isa = PBXGroup;
			children = (
				24F0A80C2E3AAAD5009C37F4 /* incident-overview.app */,
				24F0A81C2E3AAAD7009C37F4 /* incident-overviewTests.xctest */,
				24F0A8262E3AAAD7009C37F4 /* incident-overviewUITests.xctest */,
			);
			name = Products;
			sourceTree = "<group>";
		};
/* End PBXGroup section */

/* Begin PBXNativeTarget section */
		24F0A80B2E3AAAD5009C37F4 /* incident-overview */ = {
			isa = PBXNativeTarget;
			buildConfigurationList = 24F0A8302E3AAAD7009C37F4 /* Build configuration list for PBXNativeTarget "incident-overview" */;
			buildPhases = (
				24F0A8082E3AAAD5009C37F4 /* Sources */,
				24F0A8092E3AAAD5009C37F4 /* Frameworks */,
				24F0A80A2E3AAAD5009C37F4 /* Resources */,
			);
			buildRules = (
			);
			dependencies = (
			);
			fileSystemSynchronizedGroups = (
				24F0A80E2E3AAAD5009C37F4 /* incident-overview */,
			);
			name = "incident-overview";
			packageProductDependencies = (
			);
			productName = "incident-overview";
			productReference = 24F0A80C2E3AAAD5009C37F4 /* incident-overview.app */;
			productType = "com.apple.product-type.application";
		};
		24F0A81B2E3AAAD7009C37F4 /* incident-overviewTests */ = {
			isa = PBXNativeTarget;
			buildConfigurationList = 24F0A8332E3AAAD7009C37F4 /* Build configuration list for PBXNativeTarget "incident-overviewTests" */;
			buildPhases = (
				24F0A8182E3AAAD7009C37F4 /* Sources */,
				24F0A8192E3AAAD7009C37F4 /* Frameworks */,
				24F0A81A2E3AAAD7009C37F4 /* Resources */,
			);
			buildRules = (
			);
			dependencies = (
				24F0A81E2E3AAAD7009C37F4 /* PBXTargetDependency */,
			);
			fileSystemSynchronizedGroups = (
				24F0A81F2E3AAAD7009C37F4 /* incident-overviewTests */,
			);
			name = "incident-overviewTests";
			packageProductDependencies = (
			);
			productName = "incident-overviewTests";
			productReference = 24F0A81C2E3AAAD7009C37F4 /* incident-overviewTests.xctest */;
			productType = "com.apple.product-type.bundle.unit-test";
		};
		24F0A8252E3AAAD7009C37F4 /* incident-overviewUITests */ = {
			isa = PBXNativeTarget;
			buildConfigurationList = 24F0A8362E3AAAD7009C37F4 /* Build configuration list for PBXNativeTarget "incident-overviewUITests" */;
			buildPhases = (
				24F0A8222E3AAAD7009C37F4 /* Sources */,
				24F0A8232E3AAAD7009C37F4 /* Frameworks */,
				24F0A8242E3AAAD7009C37F4 /* Resources */,
			);
			buildRules = (
			);
			dependencies = (
				24F0A8282E3AAAD7009C37F4 /* PBXTargetDependency */,
			);
			fileSystemSynchronizedGroups = (
				24F0A8292E3AAAD7009C37F4 /* incident-overviewUITests */,
			);
			name = "incident-overviewUITests";
			packageProductDependencies = (
			);
			productName = "incident-overviewUITests";
			productReference = 24F0A8262E3AAAD7009C37F4 /* incident-overviewUITests.xctest */;
			productType = "com.apple.product-type.bundle.ui-testing";
		};
/* End PBXNativeTarget section */

/* Begin PBXProject section */
		24F0A8042E3AAAD5009C37F4 /* Project object */ = {
			isa = PBXProject;
			attributes = {
				BuildIndependentTargetsInParallel = 1;
				LastSwiftUpdateCheck = 1640;
				LastUpgradeCheck = 1640;
				TargetAttributes = {
					24F0A80B2E3AAAD5009C37F4 = {
						CreatedOnToolsVersion = 16.4;
					};
					24F0A81B2E3AAAD7009C37F4 = {
						CreatedOnToolsVersion = 16.4;
						TestTargetID = 24F0A80B2E3AAAD5009C37F4;
					};
					24F0A8252E3AAAD7009C37F4 = {
						CreatedOnToolsVersion = 16.4;
						TestTargetID = 24F0A80B2E3AAAD5009C37F4;
					};
				};
			};
			buildConfigurationList = 24F0A8072E3AAAD5009C37F4 /* Build configuration list for PBXProject "incident-overview" */;
			developmentRegion = en;
			hasScannedForEncodings = 0;
			knownRegions = (
				en,
				Base,
			);
			mainGroup = 24F0A8032E3AAAD5009C37F4;
			minimizedProjectReferenceProxies = 1;
			preferredProjectObjectVersion = 77;
			productRefGroup = 24F0A80D2E3AAAD5009C37F4 /* Products */;
			projectDirPath = "";
			projectRoot = "";
			targets = (
				24F0A80B2E3AAAD5009C37F4 /* incident-overview */,
				24F0A81B2E3AAAD7009C37F4 /* incident-overviewTests */,
				24F0A8252E3AAAD7009C37F4 /* incident-overviewUITests */,
			);
		};
/* End PBXProject section */

/* Begin PBXResourcesBuildPhase section */
		24F0A80A2E3AAAD5009C37F4 /* Resources */ = {
			isa = PBXResourcesBuildPhase;
			buildActionMask = 2147483647;
			files = (
			);
			runOnlyForDeploymentPostprocessing = 0;
		};
		24F0A81A2E3AAAD7009C37F4 /* Resources */ = {
			isa = PBXResourcesBuildPhase;
			buildActionMask = 2147483647;
			files = (
			);
			runOnlyForDeploymentPostprocessing = 0;
		};
		24F0A8242E3AAAD7009C37F4 /* Resources */ = {
			isa = PBXResourcesBuildPhase;
			buildActionMask = 2147483647;
			files = (
			);
			runOnlyForDeploymentPostprocessing = 0;
		};
/* End PBXResourcesBuildPhase section */

/* Begin PBXSourcesBuildPhase section */
		24F0A8082E3AAAD5009C37F4 /* Sources */ = {
			isa = PBXSourcesBuildPhase;
			buildActionMask = 2147483647;
			files = (
			);
			runOnlyForDeploymentPostprocessing = 0;
		};
		24F0A8182E3AAAD7009C37F4 /* Sources */ = {
			isa = PBXSourcesBuildPhase;
			buildActionMask = 2147483647;
			files = (
			);
			runOnlyForDeploymentPostprocessing = 0;
		};
		24F0A8222E3AAAD7009C37F4 /* Sources */ = {
			isa = PBXSourcesBuildPhase;
			buildActionMask = 2147483647;
			files = (
			);
			runOnlyForDeploymentPostprocessing = 0;
		};
/* End PBXSourcesBuildPhase section */

/* Begin PBXTargetDependency section */
		24F0A81E2E3AAAD7009C37F4 /* PBXTargetDependency */ = {
			isa = PBXTargetDependency;
			target = 24F0A80B2E3AAAD5009C37F4 /* incident-overview */;
			targetProxy = 24F0A81D2E3AAAD7009C37F4 /* PBXContainerItemProxy */;
		};
		24F0A8282E3AAAD7009C37F4 /* PBXTargetDependency */ = {
			isa = PBXTargetDependency;
			target = 24F0A80B2E3AAAD5009C37F4 /* incident-overview */;
			targetProxy = 24F0A8272E3AAAD7009C37F4 /* PBXContainerItemProxy */;
		};
/* End PBXTargetDependency section */

/* Begin XCBuildConfiguration section */
		24F0A82E2E3AAAD7009C37F4 /* Debug */ = {
			isa = XCBuildConfiguration;
			buildSettings = {
				ALWAYS_SEARCH_USER_PATHS = NO;
				ASSETCATALOG_COMPILER_GENERATE_SWIFT_ASSET_SYMBOL_EXTENSIONS = YES;
				CLANG_ANALYZER_NONNULL = YES;
				CLANG_ANALYZER_NUMBER_OBJECT_CONVERSION = YES_AGGRESSIVE;
				CLANG_CXX_LANGUAGE_STANDARD = "gnu++20";
				CLANG_ENABLE_MODULES = YES;
				CLANG_ENABLE_OBJC_ARC = YES;
				CLANG_ENABLE_OBJC_WEAK = YES;
				CLANG_WARN_BLOCK_CAPTURE_AUTORELEASING = YES;
				CLANG_WARN_BOOL_CONVERSION = YES;
				CLANG_WARN_COMMA = YES;
				CLANG_WARN_CONSTANT_CONVERSION = YES;
				CLANG_WARN_DEPRECATED_OBJC_IMPLEMENTATIONS = YES;
				CLANG_WARN_DIRECT_OBJC_ISA_USAGE = YES_ERROR;
				CLANG_WARN_DOCUMENTATION_COMMENTS = YES;
				CLANG_WARN_EMPTY_BODY = YES;
				CLANG_WARN_ENUM_CONVERSION = YES;
				CLANG_WARN_INFINITE_RECURSION = YES;
				CLANG_WARN_INT_CONVERSION = YES;
				CLANG_WARN_NON_LITERAL_NULL_CONVERSION = YES;
				CLANG_WARN_OBJC_IMPLICIT_RETAIN_SELF = YES;
				CLANG_WARN_OBJC_LITERAL_CONVERSION = YES;
				CLANG_WARN_OBJC_ROOT_CLASS = YES_ERROR;
				CLANG_WARN_QUOTED_INCLUDE_IN_FRAMEWORK_HEADER = YES;
				CLANG_WARN_RANGE_LOOP_ANALYSIS = YES;
				CLANG_WARN_STRICT_PROTOTYPES = YES;
				CLANG_WARN_SUSPICIOUS_MOVE = YES;
				CLANG_WARN_UNGUARDED_AVAILABILITY = YES_AGGRESSIVE;
				CLANG_WARN_UNREACHABLE_CODE = YES;
				CLANG_WARN__DUPLICATE_METHOD_MATCH = YES;
				COPY_PHASE_STRIP = NO;
				DEBUG_INFORMATION_FORMAT = dwarf;
				ENABLE_STRICT_OBJC_MSGSEND = YES;
				ENABLE_TESTABILITY = YES;
				ENABLE_USER_SCRIPT_SANDBOXING = YES;
				GCC_C_LANGUAGE_STANDARD = gnu17;
				GCC_DYNAMIC_NO_PIC = NO;
				GCC_NO_COMMON_BLOCKS = YES;
				GCC_OPTIMIZATION_LEVEL = 0;
				GCC_PREPROCESSOR_DEFINITIONS = (
					"DEBUG=1",
					"$(inherited)",
				);
				GCC_WARN_64_TO_32_BIT_CONVERSION = YES;
				GCC_WARN_ABOUT_RETURN_TYPE = YES_ERROR;
				GCC_WARN_UNDECLARED_SELECTOR = YES;
				GCC_WARN_UNINITIALIZED_AUTOS = YES_AGGRESSIVE;
				GCC_WARN_UNUSED_FUNCTION = YES;
				GCC_WARN_UNUSED_VARIABLE = YES;
				LOCALIZATION_PREFERS_STRING_CATALOGS = YES;
				MTL_ENABLE_DEBUG_INFO = INCLUDE_SOURCE;
				MTL_FAST_MATH = YES;
				ONLY_ACTIVE_ARCH = YES;
				SDKROOT = appletvos;
				SWIFT_ACTIVE_COMPILATION_CONDITIONS = "DEBUG $(inherited)";
				SWIFT_OPTIMIZATION_LEVEL = "-Onone";
				TVOS_DEPLOYMENT_TARGET = 17.0;
			};
			name = Debug;
		};
		24F0A82F2E3AAAD7009C37F4 /* Release */ = {
			isa = XCBuildConfiguration;
			buildSettings = {
				ALWAYS_SEARCH_USER_PATHS = NO;
				ASSETCATALOG_COMPILER_GENERATE_SWIFT_ASSET_SYMBOL_EXTENSIONS = YES;
				CLANG_ANALYZER_NONNULL = YES;
				CLANG_ANALYZER_NUMBER_OBJECT_CONVERSION = YES_AGGRESSIVE;
				CLANG_CXX_LANGUAGE_STANDARD = "gnu++20";
				CLANG_ENABLE_MODULES = YES;
				CLANG_ENABLE_OBJC_ARC = YES;
				CLANG_ENABLE_OBJC_WEAK = YES;
				CLANG_WARN_BLOCK_CAPTURE_AUTORELEASING = YES;
				CLANG_WARN_BOOL_CONVERSION = YES;
				CLANG_WARN_COMMA = YES;
				CLANG_WARN_CONSTANT_CONVERSION = YES;
				CLANG_WARN_DEPRECATED_OBJC_IMPLEMENTATIONS = YES;
				CLANG_WARN_DIRECT_OBJC_ISA_USAGE = YES_ERROR;
				CLANG_WARN_DOCUMENTATION_COMMENTS = YES;
				CLANG_WARN_EMPTY_BODY = YES;
				CLANG_WARN_ENUM_CONVERSION = YES;
				CLANG_WARN_INFINITE_RECURSION = YES;
				CLANG_WARN_INT_CONVERSION = YES;
				CLANG_WARN_NON_LITERAL_NULL_CONVERSION = YES;
				CLANG_WARN_OBJC_IMPLICIT_RETAIN_SELF = YES;
				CLANG_WARN_OBJC_LITERAL_CONVERSION = YES;
				CLANG_WARN_OBJC_ROOT_CLASS = YES_ERROR;
				CLANG_WARN_QUOTED_INCLUDE_IN_FRAMEWORK_HEADER = YES;
				CLANG_WARN_RANGE_LOOP_ANALYSIS = YES;
				CLANG_WARN_STRICT_PROTOTYPES = YES;
				CLANG_WARN_SUSPICIOUS_MOVE = YES;
				CLANG_WARN_UNGUARDED_AVAILABILITY = YES_AGGRESSIVE;
				CLANG_WARN_UNREACHABLE_CODE = YES;
				CLANG_WARN__DUPLICATE_METHOD_MATCH = YES;
				COPY_PHASE_STRIP = NO;
				DEBUG_INFORMATION_FORMAT = "dwarf-with-dsym";
				ENABLE_NS_ASSERTIONS = NO;
				ENABLE_STRICT_OBJC_MSGSEND = YES;
				ENABLE_USER_SCRIPT_SANDBOXING = YES;
				GCC_C_LANGUAGE_STANDARD = gnu17;
				GCC_NO_COMMON_BLOCKS = YES;
				GCC_WARN_64_TO_32_BIT_CONVERSION = YES;
				GCC_WARN_ABOUT_RETURN_TYPE = YES_ERROR;
				GCC_WARN_UNDECLARED_SELECTOR = YES;
				GCC_WARN_UNINITIALIZED_AUTOS = YES_AGGRESSIVE;
				GCC_WARN_UNUSED_FUNCTION = YES;
				GCC_WARN_UNUSED_VARIABLE = YES;
				LOCALIZATION_PREFERS_STRING_CATALOGS = YES;
				MTL_ENABLE_DEBUG_INFO = NO;
				MTL_FAST_MATH = YES;
				SDKROOT = appletvos;
				SWIFT_COMPILATION_MODE = wholemodule;
				TVOS_DEPLOYMENT_TARGET = 17.0;
			};
			name = Release;
		};
		24F0A8312E3AAAD7009C37F4 /* Debug */ = {
			isa = XCBuildConfiguration;
			buildSettings = {
				ASSETCATALOG_COMPILER_APPICON_NAME = AppIcon;
				ASSETCATALOG_COMPILER_GLOBAL_ACCENT_COLOR_NAME = AccentColor;
				CODE_SIGN_ENTITLEMENTS = "incident-overview/incident_overview.entitlements";
				"CODE_SIGN_IDENTITY[sdk=macosx*]" = "Apple Development";
				CODE_SIGN_STYLE = Automatic;
				CURRENT_PROJECT_VERSION = 1;
				DEVELOPMENT_TEAM = 4FV4P73BFT;
				ENABLE_PREVIEWS = YES;
				GENERATE_INFOPLIST_FILE = YES;
				INFOPLIST_KEY_NSHumanReadableCopyright = "";
				LD_RUNPATH_SEARCH_PATHS = (
					"$(inherited)",
					"@executable_path/Frameworks",
				);
				MARKETING_VERSION = 1.0;
				PRODUCT_BUNDLE_IDENTIFIER = "tomwentworth.incident-overview";
				PRODUCT_NAME = "$(TARGET_NAME)";
				REGISTER_APP_GROUPS = YES;
				SWIFT_EMIT_LOC_STRINGS = YES;
				SWIFT_VERSION = 5.0;
				TVOS_DEPLOYMENT_TARGET = 17.0;
			};
			name = Debug;
		};
		24F0A8322E3AAAD7009C37F4 /* Release */ = {
			isa = XCBuildConfiguration;
			buildSettings = {
				ASSETCATALOG_COMPILER_APPICON_NAME = AppIcon;
				ASSETCATALOG_COMPILER_GLOBAL_ACCENT_COLOR_NAME = AccentColor;
				CODE_SIGN_ENTITLEMENTS = "incident-overview/incident_overview.entitlements";
				"CODE_SIGN_IDENTITY[sdk=macosx*]" = "Apple Development";
				CODE_SIGN_STYLE = Automatic;
				CURRENT_PROJECT_VERSION = 1;
				DEVELOPMENT_TEAM = 4FV4P73BFT;
				ENABLE_PREVIEWS = YES;
				GENERATE_INFOPLIST_FILE = YES;
				INFOPLIST_KEY_NSHumanReadableCopyright = "";
				LD_RUNPATH_SEARCH_PATHS = (
					"$(inherited)",
					"@executable_path/Frameworks",
				);
				MARKETING_VERSION = 1.0;
				PRODUCT_BUNDLE_IDENTIFIER = "tomwentworth.incident-overview";
				PRODUCT_NAME = "$(TARGET_NAME)";
				REGISTER_APP_GROUPS = YES;
				SWIFT_EMIT_LOC_STRINGS = YES;
				SWIFT_VERSION = 5.0;
				TVOS_DEPLOYMENT_TARGET = 17.0;
			};
			name = Release;
		};
		24F0A8342E3AAAD7009C37F4 /* Debug */ = {
			isa = XCBuildConfiguration;
			buildSettings = {
				BUNDLE_LOADER = "$(TEST_HOST)";
				CODE_SIGN_STYLE = Automatic;
				CURRENT_PROJECT_VERSION = 1;
				GENERATE_INFOPLIST_FILE = YES;
				MARKETING_VERSION = 1.0;
				PRODUCT_BUNDLE_IDENTIFIER = "tomwentworth.incident-overviewTests";
				PRODUCT_NAME = "$(TARGET_NAME)";
				SWIFT_EMIT_LOC_STRINGS = NO;
				SWIFT_VERSION = 5.0;
				TEST_HOST = "$(BUILT_PRODUCTS_DIR)/incident-overview.app/$(BUNDLE_EXECUTABLE_FOLDER_PATH)/incident-overview";
				TVOS_DEPLOYMENT_TARGET = 17.0;
			};
			name = Debug;
		};
		24F0A8352E3AAAD7009C37F4 /* Release */ = {
			isa = XCBuildConfiguration;
			buildSettings = {
				BUNDLE_LOADER = "$(TEST_HOST)";
				CODE_SIGN_STYLE = Automatic;
				CURRENT_PROJECT_VERSION = 1;
				GENERATE_INFOPLIST_FILE = YES;
				MARKETING_VERSION = 1.0;
				PRODUCT_BUNDLE_IDENTIFIER = "tomwentworth.incident-overviewTests";
				PRODUCT_NAME = "$(TARGET_NAME)";
				SWIFT_EMIT_LOC_STRINGS = NO;
				SWIFT_VERSION = 5.0;
				TEST_HOST = "$(BUILT_PRODUCTS_DIR)/incident-overview.app/$(BUNDLE_EXECUTABLE_FOLDER_PATH)/incident-overview";
				TVOS_DEPLOYMENT_TARGET = 17.0;
			};
			name = Release;
		};
		24F0A8372E3AAAD7009C37F4 /* Debug */ = {
			isa = XCBuildConfiguration;
			buildSettings = {
				CODE_SIGN_STYLE = Automatic;
				CURRENT_PROJECT_VERSION = 1;
				GENERATE_INFOPLIST_FILE = YES;
				MARKETING_VERSION = 1.0;
				PRODUCT_BUNDLE_IDENTIFIER = "tomwentworth.incident-overviewUITests";
				PRODUCT_NAME = "$(TARGET_NAME)";
				SWIFT_EMIT_LOC_STRINGS = NO;
				SWIFT_VERSION = 5.0;
				TEST_TARGET_NAME = "incident-overview";
			};
			name = Debug;
		};
		24F0A8382E3AAAD7009C37F4 /* Release */ = {
			isa = XCBuildConfiguration;
			buildSettings = {
				CODE_SIGN_STYLE = Automatic;
				CURRENT_PROJECT_VERSION = 1;
				GENERATE_INFOPLIST_FILE = YES;
				MARKETING_VERSION = 1.0;
				PRODUCT_BUNDLE_IDENTIFIER = "tomwentworth.incident-overviewUITests";
				PRODUCT_NAME = "$(TARGET_NAME)";
				SWIFT_EMIT_LOC_STRINGS = NO;
				SWIFT_VERSION = 5.0;
				TEST_TARGET_NAME = "incident-overview";
			};
			name = Release;
		};
/* End XCBuildConfiguration section */

/* Begin XCConfigurationList section */
		24F0A8072E3AAAD5009C37F4 /* Build configuration list for PBXProject "incident-overview" */ = {
			isa = XCConfigurationList;
			buildConfigurations = (
				24F0A82E2E3AAAD7009C37F4 /* Debug */,
				24F0A82F2E3AAAD7009C37F4 /* Release */,
			);
			defaultConfigurationIsVisible = 0;
			defaultConfigurationName = Release;
		};
		24F0A8302E3AAAD7009C37F4 /* Build configuration list for PBXNativeTarget "incident-overview" */ = {
			isa = XCConfigurationList;
			buildConfigurations = (
				24F0A8312E3AAAD7009C37F4 /* Debug */,
				24F0A8322E3AAAD7009C37F4 /* Release */,
			);
			defaultConfigurationIsVisible = 0;
			defaultConfigurationName = Release;
		};
		24F0A8332E3AAAD7009C37F4 /* Build configuration list for PBXNativeTarget "incident-overviewTests" */ = {
			isa = XCConfigurationList;
			buildConfigurations = (
				24F0A8342E3AAAD7009C37F4 /* Debug */,
				24F0A8352E3AAAD7009C37F4 /* Release */,
			);
			defaultConfigurationIsVisible = 0;
			defaultConfigurationName = Release;
		};
		24F0A8362E3AAAD7009C37F4 /* Build configuration list for PBXNativeTarget "incident-overviewUITests" */ = {
			isa = XCConfigurationList;
			buildConfigurations = (
				24F0A8372E3AAAD7009C37F4 /* Debug */,
				24F0A8382E3AAAD7009C37F4 /* Release */,
			);
			defaultConfigurationIsVisible = 0;
			defaultConfigurationName = Release;
		};
/* End XCConfigurationList section */
	};
	rootObject = 24F0A8042E3AAAD5009C37F4 /* Project object */;
}
